// !$*UTF8*$!
{
	archiveVersion = 1;
	classes = {
	};
	objectVersion = 56;
	objects = {

/* Begin PBXBuildFile section */
		631C80DE2BA4F04E003D7CF0 /* ColorLearn.swift in Sources */ = {isa = PBXBuildFile; fileRef = 631C80DD2BA4F04E003D7CF0 /* ColorLearn.swift */; };
		631C80E02BA4F2C7003D7CF0 /* RGB.swift in Sources */ = {isa = PBXBuildFile; fileRef = 631C80DF2BA4F2C7003D7CF0 /* RGB.swift */; };
		63DD1ABD2B962147000C1CAC /* AFESwuiftUiExercicesApp.swift in Sources */ = {isa = PBXBuildFile; fileRef = 63DD1ABC2B962147000C1CAC /* AFESwuiftUiExercicesApp.swift */; };
		63DD1ABF2B962147000C1CAC /* ContentView.swift in Sources */ = {isa = PBXBuildFile; fileRef = 63DD1ABE2B962147000C1CAC /* ContentView.swift */; };
		63DD1AC12B962149000C1CAC /* Assets.xcassets in Resources */ = {isa = PBXBuildFile; fileRef = 63DD1AC02B962149000C1CAC /* Assets.xcassets */; };
		63DD1AC42B962149000C1CAC /* Preview Assets.xcassets in Resources */ = {isa = PBXBuildFile; fileRef = 63DD1AC32B962149000C1CAC /* Preview Assets.xcassets */; };
		63DD1ACC2B962190000C1CAC /* MyFirstSwiftUiApp.swift in Sources */ = {isa = PBXBuildFile; fileRef = 63DD1ACB2B96218F000C1CAC /* MyFirstSwiftUiApp.swift */; };
		63DD1ACE2B96234D000C1CAC /* ActivityPerson.swift in Sources */ = {isa = PBXBuildFile; fileRef = 63DD1ACD2B96234D000C1CAC /* ActivityPerson.swift */; };
		63DD1AD02B972EFD000C1CAC /* ZstackActivity.swift in Sources */ = {isa = PBXBuildFile; fileRef = 63DD1ACF2B972EFD000C1CAC /* ZstackActivity.swift */; };
		63DD1AD22B9730A4000C1CAC /* Gradient.swift in Sources */ = {isa = PBXBuildFile; fileRef = 63DD1AD12B9730A4000C1CAC /* Gradient.swift */; };
		63DD1B392B98A9B5000C1CAC /* SelectASuit.swift in Sources */ = {isa = PBXBuildFile; fileRef = 63DD1B382B98A9B5000C1CAC /* SelectASuit.swift */; };
		63DD1B572B98FB4E000C1CAC /* RandomDice.swift in Sources */ = {isa = PBXBuildFile; fileRef = 63DD1B562B98FB4E000C1CAC /* RandomDice.swift */; };
		63DD1B592B9903D7000C1CAC /* WeatherSlider.swift in Sources */ = {isa = PBXBuildFile; fileRef = 63DD1B582B9903D7000C1CAC /* WeatherSlider.swift */; };
/* End PBXBuildFile section */

/* Begin PBXFileReference section */
		631C80DD2BA4F04E003D7CF0 /* ColorLearn.swift */ = {isa = PBXFileReference; lastKnownFileType = sourcecode.swift; path = ColorLearn.swift; sourceTree = "<group>"; };
		631C80DF2BA4F2C7003D7CF0 /* RGB.swift */ = {isa = PBXFileReference; lastKnownFileType = sourcecode.swift; path = RGB.swift; sourceTree = "<group>"; };
		63DD1AB92B962147000C1CAC /* AFESwuiftUiExercices.app */ = {isa = PBXFileReference; explicitFileType = wrapper.application; includeInIndex = 0; path = AFESwuiftUiExercices.app; sourceTree = BUILT_PRODUCTS_DIR; };
		63DD1ABC2B962147000C1CAC /* AFESwuiftUiExercicesApp.swift */ = {isa = PBXFileReference; lastKnownFileType = sourcecode.swift; path = AFESwuiftUiExercicesApp.swift; sourceTree = "<group>"; };
		63DD1ABE2B962147000C1CAC /* ContentView.swift */ = {isa = PBXFileReference; lastKnownFileType = sourcecode.swift; path = ContentView.swift; sourceTree = "<group>"; };
		63DD1AC02B962149000C1CAC /* Assets.xcassets */ = {isa = PBXFileReference; lastKnownFileType = folder.assetcatalog; path = Assets.xcassets; sourceTree = "<group>"; };
		63DD1AC32B962149000C1CAC /* Preview Assets.xcassets */ = {isa = PBXFileReference; lastKnownFileType = folder.assetcatalog; path = "Preview Assets.xcassets"; sourceTree = "<group>"; };
		63DD1ACB2B96218F000C1CAC /* MyFirstSwiftUiApp.swift */ = {isa = PBXFileReference; lastKnownFileType = sourcecode.swift; path = MyFirstSwiftUiApp.swift; sourceTree = "<group>"; };
		63DD1ACD2B96234D000C1CAC /* ActivityPerson.swift */ = {isa = PBXFileReference; lastKnownFileType = sourcecode.swift; path = ActivityPerson.swift; sourceTree = "<group>"; };
		63DD1ACF2B972EFD000C1CAC /* ZstackActivity.swift */ = {isa = PBXFileReference; lastKnownFileType = sourcecode.swift; path = ZstackActivity.swift; sourceTree = "<group>"; };
		63DD1AD12B9730A4000C1CAC /* Gradient.swift */ = {isa = PBXFileReference; lastKnownFileType = sourcecode.swift; path = Gradient.swift; sourceTree = "<group>"; };
		63DD1B382B98A9B5000C1CAC /* SelectASuit.swift */ = {isa = PBXFileReference; lastKnownFileType = sourcecode.swift; path = SelectASuit.swift; sourceTree = "<group>"; };
		63DD1B562B98FB4E000C1CAC /* RandomDice.swift */ = {isa = PBXFileReference; lastKnownFileType = sourcecode.swift; path = RandomDice.swift; sourceTree = "<group>"; };
		63DD1B582B9903D7000C1CAC /* WeatherSlider.swift */ = {isa = PBXFileReference; lastKnownFileType = sourcecode.swift; path = WeatherSlider.swift; sourceTree = "<group>"; };
/* End PBXFileReference section */

/* Begin PBXFrameworksBuildPhase section */
		63DD1AB62B962147000C1CAC /* Frameworks */ = {
			isa = PBXFrameworksBuildPhase;
			buildActionMask = 2147483647;
			files = (
			);
			runOnlyForDeploymentPostprocessing = 0;
		};
/* End PBXFrameworksBuildPhase section */

/* Begin PBXGroup section */
		63DD1AB02B962147000C1CAC = {
			isa = PBXGroup;
			children = (
				63DD1ABB2B962147000C1CAC /* AFESwuiftUiExercices */,
				63DD1ABA2B962147000C1CAC /* Products */,
			);
			sourceTree = "<group>";
		};
		63DD1ABA2B962147000C1CAC /* Products */ = {
			isa = PBXGroup;
			children = (
				63DD1AB92B962147000C1CAC /* AFESwuiftUiExercices.app */,
			);
			name = Products;
			sourceTree = "<group>";
		};
		63DD1ABB2B962147000C1CAC /* AFESwuiftUiExercices */ = {
			isa = PBXGroup;
			children = (
				63DD1ACA2B962154000C1CAC /* Screens */,
				63DD1ABC2B962147000C1CAC /* AFESwuiftUiExercicesApp.swift */,
				63DD1ABE2B962147000C1CAC /* ContentView.swift */,
				63DD1AC02B962149000C1CAC /* Assets.xcassets */,
				63DD1AC22B962149000C1CAC /* Preview Content */,
			);
			path = AFESwuiftUiExercices;
			sourceTree = "<group>";
		};
		63DD1AC22B962149000C1CAC /* Preview Content */ = {
			isa = PBXGroup;
			children = (
				63DD1AC32B962149000C1CAC /* Preview Assets.xcassets */,
			);
			path = "Preview Content";
			sourceTree = "<group>";
		};
		63DD1ACA2B962154000C1CAC /* Screens */ = {
			isa = PBXGroup;
			children = (
				63DD1ACB2B96218F000C1CAC /* MyFirstSwiftUiApp.swift */,
				63DD1ACD2B96234D000C1CAC /* ActivityPerson.swift */,
				63DD1ACF2B972EFD000C1CAC /* ZstackActivity.swift */,
				63DD1AD12B9730A4000C1CAC /* Gradient.swift */,
				63DD1B382B98A9B5000C1CAC /* SelectASuit.swift */,
				631C80DD2BA4F04E003D7CF0 /* ColorLearn.swift */,
				631C80DF2BA4F2C7003D7CF0 /* RGB.swift */,
				63DD1B562B98FB4E000C1CAC /* RandomDice.swift */,
				63DD1B582B9903D7000C1CAC /* WeatherSlider.swift */,
			);
			path = Screens;
			sourceTree = "<group>";
		};
/* End PBXGroup section */

/* Begin PBXNativeTarget section */
		63DD1AB82B962147000C1CAC /* AFESwuiftUiExercices */ = {
			isa = PBXNativeTarget;
			buildConfigurationList = 63DD1AC72B962149000C1CAC /* Build configuration list for PBXNativeTarget "AFESwuiftUiExercices" */;
			buildPhases = (
				63DD1AB52B962147000C1CAC /* Sources */,
				63DD1AB62B962147000C1CAC /* Frameworks */,
				63DD1AB72B962147000C1CAC /* Resources */,
			);
			buildRules = (
			);
			dependencies = (
			);
			name = AFESwuiftUiExercices;
			productName = AFESwuiftUiExercices;
			productReference = 63DD1AB92B962147000C1CAC /* AFESwuiftUiExercices.app */;
			productType = "com.apple.product-type.application";
		};
/* End PBXNativeTarget section */

/* Begin PBXProject section */
		63DD1AB12B962147000C1CAC /* Project object */ = {
			isa = PBXProject;
			attributes = {
				BuildIndependentTargetsInParallel = 1;
				LastSwiftUpdateCheck = 1520;
				LastUpgradeCheck = 1520;
				TargetAttributes = {
					63DD1AB82B962147000C1CAC = {
						CreatedOnToolsVersion = 15.2;
					};
				};
			};
			buildConfigurationList = 63DD1AB42B962147000C1CAC /* Build configuration list for PBXProject "AFESwuiftUiExercices" */;
			compatibilityVersion = "Xcode 14.0";
			developmentRegion = en;
			hasScannedForEncodings = 0;
			knownRegions = (
				en,
				Base,
			);
			mainGroup = 63DD1AB02B962147000C1CAC;
			productRefGroup = 63DD1ABA2B962147000C1CAC /* Products */;
			projectDirPath = "";
			projectRoot = "";
			targets = (
				63DD1AB82B962147000C1CAC /* AFESwuiftUiExercices */,
			);
		};
/* End PBXProject section */

/* Begin PBXResourcesBuildPhase section */
		63DD1AB72B962147000C1CAC /* Resources */ = {
			isa = PBXResourcesBuildPhase;
			buildActionMask = 2147483647;
			files = (
				63DD1AC42B962149000C1CAC /* Preview Assets.xcassets in Resources */,
				63DD1AC12B962149000C1CAC /* Assets.xcassets in Resources */,
			);
			runOnlyForDeploymentPostprocessing = 0;
		};
/* End PBXResourcesBuildPhase section */

/* Begin PBXSourcesBuildPhase section */
		63DD1AB52B962147000C1CAC /* Sources */ = {
			isa = PBXSourcesBuildPhase;
			buildActionMask = 2147483647;
			files = (
				63DD1ABF2B962147000C1CAC /* ContentView.swift in Sources */,
				63DD1B572B98FB4E000C1CAC /* RandomDice.swift in Sources */,
				631C80E02BA4F2C7003D7CF0 /* RGB.swift in Sources */,
				63DD1B592B9903D7000C1CAC /* WeatherSlider.swift in Sources */,
				63DD1ACC2B962190000C1CAC /* MyFirstSwiftUiApp.swift in Sources */,
				63DD1ABD2B962147000C1CAC /* AFESwuiftUiExercicesApp.swift in Sources */,
				63DD1AD02B972EFD000C1CAC /* ZstackActivity.swift in Sources */,
				63DD1B392B98A9B5000C1CAC /* SelectASuit.swift in Sources */,
				63DD1ACE2B96234D000C1CAC /* ActivityPerson.swift in Sources */,
				631C80DE2BA4F04E003D7CF0 /* ColorLearn.swift in Sources */,
				63DD1AD22B9730A4000C1CAC /* Gradient.swift in Sources */,
			);
			runOnlyForDeploymentPostprocessing = 0;
		};
/* End PBXSourcesBuildPhase section */

/* Begin XCBuildConfiguration section */
		63DD1AC52B962149000C1CAC /* Debug */ = {
			isa = XCBuildConfiguration;
			buildSettings = {
				ALWAYS_SEARCH_USER_PATHS = NO;
				ASSETCATALOG_COMPILER_GENERATE_SWIFT_ASSET_SYMBOL_EXTENSIONS = YES;
				CLANG_ANALYZER_NONNULL = YES;
				CLANG_ANALYZER_NUMBER_OBJECT_CONVERSION = YES_AGGRESSIVE;
				CLANG_CXX_LANGUAGE_STANDARD = "gnu++20";
				CLANG_ENABLE_MODULES = YES;
				CLANG_ENABLE_OBJC_ARC = YES;
				CLANG_ENABLE_OBJC_WEAK = YES;
				CLANG_WARN_BLOCK_CAPTURE_AUTORELEASING = YES;
				CLANG_WARN_BOOL_CONVERSION = YES;
				CLANG_WARN_COMMA = YES;
				CLANG_WARN_CONSTANT_CONVERSION = YES;
				CLANG_WARN_DEPRECATED_OBJC_IMPLEMENTATIONS = YES;
				CLANG_WARN_DIRECT_OBJC_ISA_USAGE = YES_ERROR;
				CLANG_WARN_DOCUMENTATION_COMMENTS = YES;
				CLANG_WARN_EMPTY_BODY = YES;
				CLANG_WARN_ENUM_CONVERSION = YES;
				CLANG_WARN_INFINITE_RECURSION = YES;
				CLANG_WARN_INT_CONVERSION = YES;
				CLANG_WARN_NON_LITERAL_NULL_CONVERSION = YES;
				CLANG_WARN_OBJC_IMPLICIT_RETAIN_SELF = YES;
				CLANG_WARN_OBJC_LITERAL_CONVERSION = YES;
				CLANG_WARN_OBJC_ROOT_CLASS = YES_ERROR;
				CLANG_WARN_QUOTED_INCLUDE_IN_FRAMEWORK_HEADER = YES;
				CLANG_WARN_RANGE_LOOP_ANALYSIS = YES;
				CLANG_WARN_STRICT_PROTOTYPES = YES;
				CLANG_WARN_SUSPICIOUS_MOVE = YES;
				CLANG_WARN_UNGUARDED_AVAILABILITY = YES_AGGRESSIVE;
				CLANG_WARN_UNREACHABLE_CODE = YES;
				CLANG_WARN__DUPLICATE_METHOD_MATCH = YES;
				COPY_PHASE_STRIP = NO;
				DEBUG_INFORMATION_FORMAT = dwarf;
				ENABLE_STRICT_OBJC_MSGSEND = YES;
				ENABLE_TESTABILITY = YES;
				ENABLE_USER_SCRIPT_SANDBOXING = YES;
				GCC_C_LANGUAGE_STANDARD = gnu17;
				GCC_DYNAMIC_NO_PIC = NO;
				GCC_NO_COMMON_BLOCKS = YES;
				GCC_OPTIMIZATION_LEVEL = 0;
				GCC_PREPROCESSOR_DEFINITIONS = (
					"DEBUG=1",
					"$(inherited)",
				);
				GCC_WARN_64_TO_32_BIT_CONVERSION = YES;
				GCC_WARN_ABOUT_RETURN_TYPE = YES_ERROR;
				GCC_WARN_UNDECLARED_SELECTOR = YES;
				GCC_WARN_UNINITIALIZED_AUTOS = YES_AGGRESSIVE;
				GCC_WARN_UNUSED_FUNCTION = YES;
				GCC_WARN_UNUSED_VARIABLE = YES;
				IPHONEOS_DEPLOYMENT_TARGET = 17.2;
				LOCALIZATION_PREFERS_STRING_CATALOGS = YES;
				MTL_ENABLE_DEBUG_INFO = INCLUDE_SOURCE;
				MTL_FAST_MATH = YES;
				ONLY_ACTIVE_ARCH = YES;
				SDKROOT = iphoneos;
				SWIFT_ACTIVE_COMPILATION_CONDITIONS = "DEBUG $(inherited)";
				SWIFT_OPTIMIZATION_LEVEL = "-Onone";
			};
			name = Debug;
		};
		63DD1AC62B962149000C1CAC /* Release */ = {
			isa = XCBuildConfiguration;
			buildSettings = {
				ALWAYS_SEARCH_USER_PATHS = NO;
				ASSETCATALOG_COMPILER_GENERATE_SWIFT_ASSET_SYMBOL_EXTENSIONS = YES;
				CLANG_ANALYZER_NONNULL = YES;
				CLANG_ANALYZER_NUMBER_OBJECT_CONVERSION = YES_AGGRESSIVE;
				CLANG_CXX_LANGUAGE_STANDARD = "gnu++20";
				CLANG_ENABLE_MODULES = YES;
				CLANG_ENABLE_OBJC_ARC = YES;
				CLANG_ENABLE_OBJC_WEAK = YES;
				CLANG_WARN_BLOCK_CAPTURE_AUTORELEASING = YES;
				CLANG_WARN_BOOL_CONVERSION = YES;
				CLANG_WARN_COMMA = YES;
				CLANG_WARN_CONSTANT_CONVERSION = YES;
				CLANG_WARN_DEPRECATED_OBJC_IMPLEMENTATIONS = YES;
				CLANG_WARN_DIRECT_OBJC_ISA_USAGE = YES_ERROR;
				CLANG_WARN_DOCUMENTATION_COMMENTS = YES;
				CLANG_WARN_EMPTY_BODY = YES;
				CLANG_WARN_ENUM_CONVERSION = YES;
				CLANG_WARN_INFINITE_RECURSION = YES;
				CLANG_WARN_INT_CONVERSION = YES;
				CLANG_WARN_NON_LITERAL_NULL_CONVERSION = YES;
				CLANG_WARN_OBJC_IMPLICIT_RETAIN_SELF = YES;
				CLANG_WARN_OBJC_LITERAL_CONVERSION = YES;
				CLANG_WARN_OBJC_ROOT_CLASS = YES_ERROR;
				CLANG_WARN_QUOTED_INCLUDE_IN_FRAMEWORK_HEADER = YES;
				CLANG_WARN_RANGE_LOOP_ANALYSIS = YES;
				CLANG_WARN_STRICT_PROTOTYPES = YES;
				CLANG_WARN_SUSPICIOUS_MOVE = YES;
				CLANG_WARN_UNGUARDED_AVAILABILITY = YES_AGGRESSIVE;
				CLANG_WARN_UNREACHABLE_CODE = YES;
				CLANG_WARN__DUPLICATE_METHOD_MATCH = YES;
				COPY_PHASE_STRIP = NO;
				DEBUG_INFORMATION_FORMAT = "dwarf-with-dsym";
				ENABLE_NS_ASSERTIONS = NO;
				ENABLE_STRICT_OBJC_MSGSEND = YES;
				ENABLE_USER_SCRIPT_SANDBOXING = YES;
				GCC_C_LANGUAGE_STANDARD = gnu17;
				GCC_NO_COMMON_BLOCKS = YES;
				GCC_WARN_64_TO_32_BIT_CONVERSION = YES;
				GCC_WARN_ABOUT_RETURN_TYPE = YES_ERROR;
				GCC_WARN_UNDECLARED_SELECTOR = YES;
				GCC_WARN_UNINITIALIZED_AUTOS = YES_AGGRESSIVE;
				GCC_WARN_UNUSED_FUNCTION = YES;
				GCC_WARN_UNUSED_VARIABLE = YES;
				IPHONEOS_DEPLOYMENT_TARGET = 17.2;
				LOCALIZATION_PREFERS_STRING_CATALOGS = YES;
				MTL_ENABLE_DEBUG_INFO = NO;
				MTL_FAST_MATH = YES;
				SDKROOT = iphoneos;
				SWIFT_COMPILATION_MODE = wholemodule;
				VALIDATE_PRODUCT = YES;
			};
			name = Release;
		};
		63DD1AC82B962149000C1CAC /* Debug */ = {
			isa = XCBuildConfiguration;
			buildSettings = {
				ASSETCATALOG_COMPILER_APPICON_NAME = AppIcon;
				ASSETCATALOG_COMPILER_GLOBAL_ACCENT_COLOR_NAME = AccentColor;
				CODE_SIGN_STYLE = Automatic;
				CURRENT_PROJECT_VERSION = 1;
				DEVELOPMENT_ASSET_PATHS = "\"AFESwuiftUiExercices/Preview Content\"";
				ENABLE_PREVIEWS = YES;
				GENERATE_INFOPLIST_FILE = YES;
				INFOPLIST_KEY_UIApplicationSceneManifest_Generation = YES;
				INFOPLIST_KEY_UIApplicationSupportsIndirectInputEvents = YES;
				INFOPLIST_KEY_UILaunchScreen_Generation = YES;
				INFOPLIST_KEY_UISupportedInterfaceOrientations_iPad = "UIInterfaceOrientationPortrait UIInterfaceOrientationPortraitUpsideDown UIInterfaceOrientationLandscapeLeft UIInterfaceOrientationLandscapeRight";
				INFOPLIST_KEY_UISupportedInterfaceOrientations_iPhone = "UIInterfaceOrientationPortrait UIInterfaceOrientationLandscapeLeft UIInterfaceOrientationLandscapeRight";
				LD_RUNPATH_SEARCH_PATHS = (
					"$(inherited)",
					"@executable_path/Frameworks",
				);
				MARKETING_VERSION = 1.0;
				PRODUCT_BUNDLE_IDENTIFIER = com.Simplon.AFESwuiftUiExercices;
				PRODUCT_NAME = "$(TARGET_NAME)";
				SWIFT_EMIT_LOC_STRINGS = YES;
				SWIFT_VERSION = 5.0;
				TARGETED_DEVICE_FAMILY = "1,2";
			};
			name = Debug;
		};
		63DD1AC92B962149000C1CAC /* Release */ = {
			isa = XCBuildConfiguration;
			buildSettings = {
				ASSETCATALOG_COMPILER_APPICON_NAME = AppIcon;
				ASSETCATALOG_COMPILER_GLOBAL_ACCENT_COLOR_NAME = AccentColor;
				CODE_SIGN_STYLE = Automatic;
				CURRENT_PROJECT_VERSION = 1;
				DEVELOPMENT_ASSET_PATHS = "\"AFESwuiftUiExercices/Preview Content\"";
				ENABLE_PREVIEWS = YES;
				GENERATE_INFOPLIST_FILE = YES;
				INFOPLIST_KEY_UIApplicationSceneManifest_Generation = YES;
				INFOPLIST_KEY_UIApplicationSupportsIndirectInputEvents = YES;
				INFOPLIST_KEY_UILaunchScreen_Generation = YES;
				INFOPLIST_KEY_UISupportedInterfaceOrientations_iPad = "UIInterfaceOrientationPortrait UIInterfaceOrientationPortraitUpsideDown UIInterfaceOrientationLandscapeLeft UIInterfaceOrientationLandscapeRight";
				INFOPLIST_KEY_UISupportedInterfaceOrientations_iPhone = "UIInterfaceOrientationPortrait UIInterfaceOrientationLandscapeLeft UIInterfaceOrientationLandscapeRight";
				LD_RUNPATH_SEARCH_PATHS = (
					"$(inherited)",
					"@executable_path/Frameworks",
				);
				MARKETING_VERSION = 1.0;
				PRODUCT_BUNDLE_IDENTIFIER = com.Simplon.AFESwuiftUiExercices;
				PRODUCT_NAME = "$(TARGET_NAME)";
				SWIFT_EMIT_LOC_STRINGS = YES;
				SWIFT_VERSION = 5.0;
				TARGETED_DEVICE_FAMILY = "1,2";
			};
			name = Release;
		};
/* End XCBuildConfiguration section */

/* Begin XCConfigurationList section */
		63DD1AB42B962147000C1CAC /* Build configuration list for PBXProject "AFESwuiftUiExercices" */ = {
			isa = XCConfigurationList;
			buildConfigurations = (
				63DD1AC52B962149000C1CAC /* Debug */,
				63DD1AC62B962149000C1CAC /* Release */,
			);
			defaultConfigurationIsVisible = 0;
			defaultConfigurationName = Release;
		};
		63DD1AC72B962149000C1CAC /* Build configuration list for PBXNativeTarget "AFESwuiftUiExercices" */ = {
			isa = XCConfigurationList;
			buildConfigurations = (
				63DD1AC82B962149000C1CAC /* Debug */,
				63DD1AC92B962149000C1CAC /* Release */,
			);
			defaultConfigurationIsVisible = 0;
			defaultConfigurationName = Release;
		};
/* End XCConfigurationList section */
	};
	rootObject = 63DD1AB12B962147000C1CAC /* Project object */;
}
